
Microsoft Visual Studio Solution File, Format Version 12.00
# Visual Studio Version 16
VisualStudioVersion = 16.0.30611.23
MinimumVisualStudioVersion = 10.0.40219.1
Project("{FAE04EC0-301F-11D3-BF4B-00C04F79EFBC}") = "EQ2CollQuests", "EQ2CollQuests\EQ2CollQuests.csproj", "{141E1EC5-2DF1-4E99-BC05-549569B3607A}"
EndProject
Global
	GlobalSection(SolutionConfigurationPlatforms) = preSolution
		Debug|Any CPU = Debug|Any CPU
		Debug|x64 = Debug|x64
		Release|Any CPU = Release|Any CPU
		Release|x64 = Release|x64
	EndGlobalSection
	GlobalSection(ProjectConfigurationPlatforms) = postSolution
		{141E1EC5-2DF1-4E99-BC05-549569B3607A}.Debug|Any CPU.ActiveCfg = Debug|Any CPU
		{141E1EC5-2DF1-4E99-BC05-549569B3607A}.Debug|Any CPU.Build.0 = Debug|Any CPU
		{141E1EC5-2DF1-4E99-BC05-549569B3607A}.Debug|x64.ActiveCfg = Debug|x64
		{141E1EC5-2DF1-4E99-BC05-549569B3607A}.Debug|x64.Build.0 = Debug|x64
		{141E1EC5-2DF1-4E99-BC05-549569B3607A}.Release|Any CPU.ActiveCfg = Release|Any CPU
		{141E1EC5-2DF1-4E99-BC05-549569B3607A}.Release|Any CPU.Build.0 = Release|Any CPU
		{141E1EC5-2DF1-4E99-BC05-549569B3607A}.Release|x64.ActiveCfg = Release|x64
		{141E1EC5-2DF1-4E99-BC05-549569B3607A}.Release|x64.Build.0 = Release|x64
	EndGlobalSection
	GlobalSection(SolutionProperties) = preSolution
		HideSolutionNode = FALSE
	EndGlobalSection
	GlobalSection(ExtensibilityGlobals) = postSolution
		SolutionGuid = {6711DE1F-C85F-4A8D-8987-0F1D4597EE9E}
	EndGlobalSection
EndGlobal
